// !$*UTF8*$!
{
	archiveVersion = 1;
	classes = {
	};
	objectVersion = 50;
	objects = {

/* Begin PBXBuildFile section */
		3158EA6D22464BF8000404DE /* AppDelegate.swift in Sources */ = {isa = PBXBuildFile; fileRef = 3158EA6C22464BF8000404DE /* AppDelegate.swift */; };
		3158EA6F22464BF8000404DE /* ViewController.swift in Sources */ = {isa = PBXBuildFile; fileRef = 3158EA6E22464BF8000404DE /* ViewController.swift */; };
		3158EA7222464BF8000404DE /* Main.storyboard in Resources */ = {isa = PBXBuildFile; fileRef = 3158EA7022464BF8000404DE /* Main.storyboard */; };
		3158EA7422464BFA000404DE /* Assets.xcassets in Resources */ = {isa = PBXBuildFile; fileRef = 3158EA7322464BFA000404DE /* Assets.xcassets */; };
		3158EA7722464BFA000404DE /* LaunchScreen.storyboard in Resources */ = {isa = PBXBuildFile; fileRef = 3158EA7522464BFA000404DE /* LaunchScreen.storyboard */; };
		3158EA8222464BFA000404DE /* CountryPickerViewTests.swift in Sources */ = {isa = PBXBuildFile; fileRef = 3158EA8122464BFA000404DE /* CountryPickerViewTests.swift */; };
		3158EA8D22464C64000404DE /* CountryPickerView.swift in Sources */ = {isa = PBXBuildFile; fileRef = 3158EA8C22464C64000404DE /* CountryPickerView.swift */; };
		3158EA8F22464C6F000404DE /* CountryPickerView.xib in Resources */ = {isa = PBXBuildFile; fileRef = 3158EA8E22464C6F000404DE /* CountryPickerView.xib */; };
		3158EA9322464E12000404DE /* CountryPickerTableViewCell.swift in Sources */ = {isa = PBXBuildFile; fileRef = 3158EA9122464E12000404DE /* CountryPickerTableViewCell.swift */; };
		3158EA9422464E12000404DE /* CountryPickerTableViewCell.xib in Resources */ = {isa = PBXBuildFile; fileRef = 3158EA9222464E12000404DE /* CountryPickerTableViewCell.xib */; };
		3158EA972246503B000404DE /* Images in Resources */ = {isa = PBXBuildFile; fileRef = 3158EA952246503B000404DE /* Images */; };
		3158EA982246503B000404DE /* Data in Resources */ = {isa = PBXBuildFile; fileRef = 3158EA962246503B000404DE /* Data */; };
		3158EA9B22466B81000404DE /* CountryPickerImageNameCell.swift in Sources */ = {isa = PBXBuildFile; fileRef = 3158EA9922466B81000404DE /* CountryPickerImageNameCell.swift */; };
		3158EA9C22466B81000404DE /* CountryPickerImageNameCell.xib in Resources */ = {isa = PBXBuildFile; fileRef = 3158EA9A22466B81000404DE /* CountryPickerImageNameCell.xib */; };
/* End PBXBuildFile section */

/* Begin PBXContainerItemProxy section */
		3158EA7E22464BFA000404DE /* PBXContainerItemProxy */ = {
			isa = PBXContainerItemProxy;
			containerPortal = 3158EA6122464BF8000404DE /* Project object */;
			proxyType = 1;
			remoteGlobalIDString = 3158EA6822464BF8000404DE;
			remoteInfo = CountryPickerView;
		};
/* End PBXContainerItemProxy section */

/* Begin PBXFileReference section */
		3158EA6922464BF8000404DE /* CountryPickerView.app */ = {isa = PBXFileReference; explicitFileType = wrapper.application; includeInIndex = 0; path = CountryPickerView.app; sourceTree = BUILT_PRODUCTS_DIR; };
		3158EA6C22464BF8000404DE /* AppDelegate.swift */ = {isa = PBXFileReference; lastKnownFileType = sourcecode.swift; path = AppDelegate.swift; sourceTree = "<group>"; };
		3158EA6E22464BF8000404DE /* ViewController.swift */ = {isa = PBXFileReference; lastKnownFileType = sourcecode.swift; path = ViewController.swift; sourceTree = "<group>"; };
		3158EA7122464BF8000404DE /* Base */ = {isa = PBXFileReference; lastKnownFileType = file.storyboard; name = Base; path = Base.lproj/Main.storyboard; sourceTree = "<group>"; };
		3158EA7322464BFA000404DE /* Assets.xcassets */ = {isa = PBXFileReference; lastKnownFileType = folder.assetcatalog; path = Assets.xcassets; sourceTree = "<group>"; };
		3158EA7622464BFA000404DE /* Base */ = {isa = PBXFileReference; lastKnownFileType = file.storyboard; name = Base; path = Base.lproj/LaunchScreen.storyboard; sourceTree = "<group>"; };
		3158EA7822464BFA000404DE /* Info.plist */ = {isa = PBXFileReference; lastKnownFileType = text.plist.xml; path = Info.plist; sourceTree = "<group>"; };
		3158EA7D22464BFA000404DE /* CountryPickerViewTests.xctest */ = {isa = PBXFileReference; explicitFileType = wrapper.cfbundle; includeInIndex = 0; path = CountryPickerViewTests.xctest; sourceTree = BUILT_PRODUCTS_DIR; };
		3158EA8122464BFA000404DE /* CountryPickerViewTests.swift */ = {isa = PBXFileReference; lastKnownFileType = sourcecode.swift; path = CountryPickerViewTests.swift; sourceTree = "<group>"; };
		3158EA8322464BFA000404DE /* Info.plist */ = {isa = PBXFileReference; lastKnownFileType = text.plist.xml; path = Info.plist; sourceTree = "<group>"; };
		3158EA8C22464C64000404DE /* CountryPickerView.swift */ = {isa = PBXFileReference; lastKnownFileType = sourcecode.swift; path = CountryPickerView.swift; sourceTree = "<group>"; };
		3158EA8E22464C6F000404DE /* CountryPickerView.xib */ = {isa = PBXFileReference; lastKnownFileType = file.xib; path = CountryPickerView.xib; sourceTree = "<group>"; };
		3158EA9122464E12000404DE /* CountryPickerTableViewCell.swift */ = {isa = PBXFileReference; lastKnownFileType = sourcecode.swift; path = CountryPickerTableViewCell.swift; sourceTree = "<group>"; };
		3158EA9222464E12000404DE /* CountryPickerTableViewCell.xib */ = {isa = PBXFileReference; lastKnownFileType = file.xib; path = CountryPickerTableViewCell.xib; sourceTree = "<group>"; };
		3158EA952246503B000404DE /* Images */ = {isa = PBXFileReference; lastKnownFileType = folder; path = Images; sourceTree = "<group>"; };
		3158EA962246503B000404DE /* Data */ = {isa = PBXFileReference; lastKnownFileType = folder; path = Data; sourceTree = "<group>"; };
		3158EA9922466B81000404DE /* CountryPickerImageNameCell.swift */ = {isa = PBXFileReference; lastKnownFileType = sourcecode.swift; path = CountryPickerImageNameCell.swift; sourceTree = "<group>"; };
		3158EA9A22466B81000404DE /* CountryPickerImageNameCell.xib */ = {isa = PBXFileReference; lastKnownFileType = file.xib; path = CountryPickerImageNameCell.xib; sourceTree = "<group>"; };
/* End PBXFileReference section */

/* Begin PBXFrameworksBuildPhase section */
		3158EA6622464BF8000404DE /* Frameworks */ = {
			isa = PBXFrameworksBuildPhase;
			buildActionMask = 2147483647;
			files = (
			);
			runOnlyForDeploymentPostprocessing = 0;
		};
		3158EA7A22464BFA000404DE /* Frameworks */ = {
			isa = PBXFrameworksBuildPhase;
			buildActionMask = 2147483647;
			files = (
			);
			runOnlyForDeploymentPostprocessing = 0;
		};
/* End PBXFrameworksBuildPhase section */

/* Begin PBXGroup section */
		3158EA6022464BF8000404DE = {
			isa = PBXGroup;
			children = (
				3158EA6B22464BF8000404DE /* CountryPickerView */,
				3158EA8022464BFA000404DE /* CountryPickerViewTests */,
				3158EA6A22464BF8000404DE /* Products */,
			);
			sourceTree = "<group>";
		};
		3158EA6A22464BF8000404DE /* Products */ = {
			isa = PBXGroup;
			children = (
				3158EA6922464BF8000404DE /* CountryPickerView.app */,
				3158EA7D22464BFA000404DE /* CountryPickerViewTests.xctest */,
			);
			name = Products;
			sourceTree = "<group>";
		};
		3158EA6B22464BF8000404DE /* CountryPickerView */ = {
			isa = PBXGroup;
			children = (
				3158EA9022464DF8000404DE /* CountryPickerView */,
				3158EA6C22464BF8000404DE /* AppDelegate.swift */,
				3158EA6E22464BF8000404DE /* ViewController.swift */,
				3158EA7022464BF8000404DE /* Main.storyboard */,
				3158EA7322464BFA000404DE /* Assets.xcassets */,
				3158EA7522464BFA000404DE /* LaunchScreen.storyboard */,
				3158EA7822464BFA000404DE /* Info.plist */,
				3158EA962246503B000404DE /* Data */,
				3158EA952246503B000404DE /* Images */,
			);
			path = CountryPickerView;
			sourceTree = "<group>";
		};
		3158EA8022464BFA000404DE /* CountryPickerViewTests */ = {
			isa = PBXGroup;
			children = (
				3158EA8122464BFA000404DE /* CountryPickerViewTests.swift */,
				3158EA8322464BFA000404DE /* Info.plist */,
			);
			path = CountryPickerViewTests;
			sourceTree = "<group>";
		};
		3158EA9022464DF8000404DE /* CountryPickerView */ = {
			isa = PBXGroup;
			children = (
				3158EA8C22464C64000404DE /* CountryPickerView.swift */,
				3158EA8E22464C6F000404DE /* CountryPickerView.xib */,
				3158EA9122464E12000404DE /* CountryPickerTableViewCell.swift */,
				3158EA9222464E12000404DE /* CountryPickerTableViewCell.xib */,
				3158EA9922466B81000404DE /* CountryPickerImageNameCell.swift */,
				3158EA9A22466B81000404DE /* CountryPickerImageNameCell.xib */,
			);
			path = CountryPickerView;
			sourceTree = "<group>";
		};
/* End PBXGroup section */

/* Begin PBXNativeTarget section */
		3158EA6822464BF8000404DE /* CountryPickerView */ = {
			isa = PBXNativeTarget;
			buildConfigurationList = 3158EA8622464BFA000404DE /* Build configuration list for PBXNativeTarget "CountryPickerView" */;
			buildPhases = (
				3158EA6522464BF8000404DE /* Sources */,
				3158EA6622464BF8000404DE /* Frameworks */,
				3158EA6722464BF8000404DE /* Resources */,
			);
			buildRules = (
			);
			dependencies = (
			);
			name = CountryPickerView;
			productName = CountryPickerView;
			productReference = 3158EA6922464BF8000404DE /* CountryPickerView.app */;
			productType = "com.apple.product-type.application";
		};
		3158EA7C22464BFA000404DE /* CountryPickerViewTests */ = {
			isa = PBXNativeTarget;
			buildConfigurationList = 3158EA8922464BFA000404DE /* Build configuration list for PBXNativeTarget "CountryPickerViewTests" */;
			buildPhases = (
				3158EA7922464BFA000404DE /* Sources */,
				3158EA7A22464BFA000404DE /* Frameworks */,
				3158EA7B22464BFA000404DE /* Resources */,
			);
			buildRules = (
			);
			dependencies = (
				3158EA7F22464BFA000404DE /* PBXTargetDependency */,
			);
			name = CountryPickerViewTests;
			productName = CountryPickerViewTests;
			productReference = 3158EA7D22464BFA000404DE /* CountryPickerViewTests.xctest */;
			productType = "com.apple.product-type.bundle.unit-test";
		};
/* End PBXNativeTarget section */

/* Begin PBXProject section */
		3158EA6122464BF8000404DE /* Project object */ = {
			isa = PBXProject;
			attributes = {
				LastSwiftUpdateCheck = 1010;
				LastUpgradeCheck = 1010;
				ORGANIZATIONNAME = "Nikhil Bhownani";
				TargetAttributes = {
					3158EA6822464BF8000404DE = {
						CreatedOnToolsVersion = 10.1;
					};
					3158EA7C22464BFA000404DE = {
						CreatedOnToolsVersion = 10.1;
						TestTargetID = 3158EA6822464BF8000404DE;
					};
				};
			};
			buildConfigurationList = 3158EA6422464BF8000404DE /* Build configuration list for PBXProject "CountryPickerView" */;
			compatibilityVersion = "Xcode 9.3";
			developmentRegion = en;
			hasScannedForEncodings = 0;
			knownRegions = (
				en,
				Base,
			);
			mainGroup = 3158EA6022464BF8000404DE;
			productRefGroup = 3158EA6A22464BF8000404DE /* Products */;
			projectDirPath = "";
			projectRoot = "";
			targets = (
				3158EA6822464BF8000404DE /* CountryPickerView */,
				3158EA7C22464BFA000404DE /* CountryPickerViewTests */,
			);
		};
/* End PBXProject section */

/* Begin PBXResourcesBuildPhase section */
		3158EA6722464BF8000404DE /* Resources */ = {
			isa = PBXResourcesBuildPhase;
			buildActionMask = 2147483647;
			files = (
				3158EA7722464BFA000404DE /* LaunchScreen.storyboard in Resources */,
				3158EA9422464E12000404DE /* CountryPickerTableViewCell.xib in Resources */,
				3158EA7422464BFA000404DE /* Assets.xcassets in Resources */,
				3158EA7222464BF8000404DE /* Main.storyboard in Resources */,
				3158EA972246503B000404DE /* Images in Resources */,
				3158EA9C22466B81000404DE /* CountryPickerImageNameCell.xib in Resources */,
				3158EA8F22464C6F000404DE /* CountryPickerView.xib in Resources */,
				3158EA982246503B000404DE /* Data in Resources */,
			);
			runOnlyForDeploymentPostprocessing = 0;
		};
		3158EA7B22464BFA000404DE /* Resources */ = {
			isa = PBXResourcesBuildPhase;
			buildActionMask = 2147483647;
			files = (
			);
			runOnlyForDeploymentPostprocessing = 0;
		};
/* End PBXResourcesBuildPhase section */

/* Begin PBXSourcesBuildPhase section */
		3158EA6522464BF8000404DE /* Sources */ = {
			isa = PBXSourcesBuildPhase;
			buildActionMask = 2147483647;
			files = (
				3158EA9322464E12000404DE /* CountryPickerTableViewCell.swift in Sources */,
				3158EA9B22466B81000404DE /* CountryPickerImageNameCell.swift in Sources */,
				3158EA6F22464BF8000404DE /* ViewController.swift in Sources */,
				3158EA6D22464BF8000404DE /* AppDelegate.swift in Sources */,
				3158EA8D22464C64000404DE /* CountryPickerView.swift in Sources */,
			);
			runOnlyForDeploymentPostprocessing = 0;
		};
		3158EA7922464BFA000404DE /* Sources */ = {
			isa = PBXSourcesBuildPhase;
			buildActionMask = 2147483647;
			files = (
				3158EA8222464BFA000404DE /* CountryPickerViewTests.swift in Sources */,
			);
			runOnlyForDeploymentPostprocessing = 0;
		};
/* End PBXSourcesBuildPhase section */

/* Begin PBXTargetDependency section */
		3158EA7F22464BFA000404DE /* PBXTargetDependency */ = {
			isa = PBXTargetDependency;
			target = 3158EA6822464BF8000404DE /* CountryPickerView */;
			targetProxy = 3158EA7E22464BFA000404DE /* PBXContainerItemProxy */;
		};
/* End PBXTargetDependency section */

/* Begin PBXVariantGroup section */
		3158EA7022464BF8000404DE /* Main.storyboard */ = {
			isa = PBXVariantGroup;
			children = (
				3158EA7122464BF8000404DE /* Base */,
			);
			name = Main.storyboard;
			sourceTree = "<group>";
		};
		3158EA7522464BFA000404DE /* LaunchScreen.storyboard */ = {
			isa = PBXVariantGroup;
			children = (
				3158EA7622464BFA000404DE /* Base */,
			);
			name = LaunchScreen.storyboard;
			sourceTree = "<group>";
		};
/* End PBXVariantGroup section */

/* Begin XCBuildConfiguration section */
		3158EA8422464BFA000404DE /* Debug */ = {
			isa = XCBuildConfiguration;
			buildSettings = {
				ALWAYS_SEARCH_USER_PATHS = NO;
				CLANG_ANALYZER_NONNULL = YES;
				CLANG_ANALYZER_NUMBER_OBJECT_CONVERSION = YES_AGGRESSIVE;
				CLANG_CXX_LANGUAGE_STANDARD = "gnu++14";
				CLANG_CXX_LIBRARY = "libc++";
				CLANG_ENABLE_MODULES = YES;
				CLANG_ENABLE_OBJC_ARC = YES;
				CLANG_ENABLE_OBJC_WEAK = YES;
				CLANG_WARN_BLOCK_CAPTURE_AUTORELEASING = YES;
				CLANG_WARN_BOOL_CONVERSION = YES;
				CLANG_WARN_COMMA = YES;
				CLANG_WARN_CONSTANT_CONVERSION = YES;
				CLANG_WARN_DEPRECATED_OBJC_IMPLEMENTATIONS = YES;
				CLANG_WARN_DIRECT_OBJC_ISA_USAGE = YES_ERROR;
				CLANG_WARN_DOCUMENTATION_COMMENTS = YES;
				CLANG_WARN_EMPTY_BODY = YES;
				CLANG_WARN_ENUM_CONVERSION = YES;
				CLANG_WARN_INFINITE_RECURSION = YES;
				CLANG_WARN_INT_CONVERSION = YES;
				CLANG_WARN_NON_LITERAL_NULL_CONVERSION = YES;
				CLANG_WARN_OBJC_IMPLICIT_RETAIN_SELF = YES;
				CLANG_WARN_OBJC_LITERAL_CONVERSION = YES;
				CLANG_WARN_OBJC_ROOT_CLASS = YES_ERROR;
				CLANG_WARN_RANGE_LOOP_ANALYSIS = YES;
				CLANG_WARN_STRICT_PROTOTYPES = YES;
				CLANG_WARN_SUSPICIOUS_MOVE = YES;
				CLANG_WARN_UNGUARDED_AVAILABILITY = YES_AGGRESSIVE;
				CLANG_WARN_UNREACHABLE_CODE = YES;
				CLANG_WARN__DUPLICATE_METHOD_MATCH = YES;
				CODE_SIGN_IDENTITY = "iPhone Developer";
				COPY_PHASE_STRIP = NO;
				DEBUG_INFORMATION_FORMAT = dwarf;
				ENABLE_STRICT_OBJC_MSGSEND = YES;
				ENABLE_TESTABILITY = YES;
				GCC_C_LANGUAGE_STANDARD = gnu11;
				GCC_DYNAMIC_NO_PIC = NO;
				GCC_NO_COMMON_BLOCKS = YES;
				GCC_OPTIMIZATION_LEVEL = 0;
				GCC_PREPROCESSOR_DEFINITIONS = (
					"DEBUG=1",
					"$(inherited)",
				);
				GCC_WARN_64_TO_32_BIT_CONVERSION = YES;
				GCC_WARN_ABOUT_RETURN_TYPE = YES_ERROR;
				GCC_WARN_UNDECLARED_SELECTOR = YES;
				GCC_WARN_UNINITIALIZED_AUTOS = YES_AGGRESSIVE;
				GCC_WARN_UNUSED_FUNCTION = YES;
				GCC_WARN_UNUSED_VARIABLE = YES;
				IPHONEOS_DEPLOYMENT_TARGET = 12.1;
				MTL_ENABLE_DEBUG_INFO = INCLUDE_SOURCE;
				MTL_FAST_MATH = YES;
				ONLY_ACTIVE_ARCH = YES;
				SDKROOT = iphoneos;
				SWIFT_ACTIVE_COMPILATION_CONDITIONS = DEBUG;
				SWIFT_OPTIMIZATION_LEVEL = "-Onone";
			};
			name = Debug;
		};
		3158EA8522464BFA000404DE /* Release */ = {
			isa = XCBuildConfiguration;
			buildSettings = {
				ALWAYS_SEARCH_USER_PATHS = NO;
				CLANG_ANALYZER_NONNULL = YES;
				CLANG_ANALYZER_NUMBER_OBJECT_CONVERSION = YES_AGGRESSIVE;
				CLANG_CXX_LANGUAGE_STANDARD = "gnu++14";
				CLANG_CXX_LIBRARY = "libc++";
				CLANG_ENABLE_MODULES = YES;
				CLANG_ENABLE_OBJC_ARC = YES;
				CLANG_ENABLE_OBJC_WEAK = YES;
				CLANG_WARN_BLOCK_CAPTURE_AUTORELEASING = YES;
				CLANG_WARN_BOOL_CONVERSION = YES;
				CLANG_WARN_COMMA = YES;
				CLANG_WARN_CONSTANT_CONVERSION = YES;
				CLANG_WARN_DEPRECATED_OBJC_IMPLEMENTATIONS = YES;
				CLANG_WARN_DIRECT_OBJC_ISA_USAGE = YES_ERROR;
				CLANG_WARN_DOCUMENTATION_COMMENTS = YES;
				CLANG_WARN_EMPTY_BODY = YES;
				CLANG_WARN_ENUM_CONVERSION = YES;
				CLANG_WARN_INFINITE_RECURSION = YES;
				CLANG_WARN_INT_CONVERSION = YES;
				CLANG_WARN_NON_LITERAL_NULL_CONVERSION = YES;
				CLANG_WARN_OBJC_IMPLICIT_RETAIN_SELF = YES;
				CLANG_WARN_OBJC_LITERAL_CONVERSION = YES;
				CLANG_WARN_OBJC_ROOT_CLASS = YES_ERROR;
				CLANG_WARN_RANGE_LOOP_ANALYSIS = YES;
				CLANG_WARN_STRICT_PROTOTYPES = YES;
				CLANG_WARN_SUSPICIOUS_MOVE = YES;
				CLANG_WARN_UNGUARDED_AVAILABILITY = YES_AGGRESSIVE;
				CLANG_WARN_UNREACHABLE_CODE = YES;
				CLANG_WARN__DUPLICATE_METHOD_MATCH = YES;
				CODE_SIGN_IDENTITY = "iPhone Developer";
				COPY_PHASE_STRIP = NO;
				DEBUG_INFORMATION_FORMAT = "dwarf-with-dsym";
				ENABLE_NS_ASSERTIONS = NO;
				ENABLE_STRICT_OBJC_MSGSEND = YES;
				GCC_C_LANGUAGE_STANDARD = gnu11;
				GCC_NO_COMMON_BLOCKS = YES;
				GCC_WARN_64_TO_32_BIT_CONVERSION = YES;
				GCC_WARN_ABOUT_RETURN_TYPE = YES_ERROR;
				GCC_WARN_UNDECLARED_SELECTOR = YES;
				GCC_WARN_UNINITIALIZED_AUTOS = YES_AGGRESSIVE;
				GCC_WARN_UNUSED_FUNCTION = YES;
				GCC_WARN_UNUSED_VARIABLE = YES;
				IPHONEOS_DEPLOYMENT_TARGET = 12.1;
				MTL_ENABLE_DEBUG_INFO = NO;
				MTL_FAST_MATH = YES;
				SDKROOT = iphoneos;
				SWIFT_COMPILATION_MODE = wholemodule;
				SWIFT_OPTIMIZATION_LEVEL = "-O";
				VALIDATE_PRODUCT = YES;
			};
			name = Release;
		};
		3158EA8722464BFA000404DE /* Debug */ = {
			isa = XCBuildConfiguration;
			buildSettings = {
				ASSETCATALOG_COMPILER_APPICON_NAME = AppIcon;
				CODE_SIGN_STYLE = Automatic;
				INFOPLIST_FILE = CountryPickerView/Info.plist;
				LD_RUNPATH_SEARCH_PATHS = (
					"$(inherited)",
					"@executable_path/Frameworks",
				);
				PRODUCT_BUNDLE_IDENTIFIER = com.nikhil.CountryPickerView;
				PRODUCT_NAME = "$(TARGET_NAME)";
				SWIFT_VERSION = 4.2;
				TARGETED_DEVICE_FAMILY = "1,2";
			};
			name = Debug;
		};
		3158EA8822464BFA000404DE /* Release */ = {
			isa = XCBuildConfiguration;
			buildSettings = {
				ASSETCATALOG_COMPILER_APPICON_NAME = AppIcon;
				CODE_SIGN_STYLE = Automatic;
				INFOPLIST_FILE = CountryPickerView/Info.plist;
				LD_RUNPATH_SEARCH_PATHS = (
					"$(inherited)",
					"@executable_path/Frameworks",
				);
				PRODUCT_BUNDLE_IDENTIFIER = com.nikhil.CountryPickerView;
				PRODUCT_NAME = "$(TARGET_NAME)";
				SWIFT_VERSION = 4.2;
				TARGETED_DEVICE_FAMILY = "1,2";
			};
			name = Release;
		};
		3158EA8A22464BFA000404DE /* Debug */ = {
			isa = XCBuildConfiguration;
			buildSettings = {
				ALWAYS_EMBED_SWIFT_STANDARD_LIBRARIES = YES;
				BUNDLE_LOADER = "$(TEST_HOST)";
				CODE_SIGN_STYLE = Automatic;
				INFOPLIST_FILE = CountryPickerViewTests/Info.plist;
				LD_RUNPATH_SEARCH_PATHS = (
					"$(inherited)",
					"@executable_path/Frameworks",
					"@loader_path/Frameworks",
				);
				PRODUCT_BUNDLE_IDENTIFIER = com.nikhil.CountryPickerViewTests;
				PRODUCT_NAME = "$(TARGET_NAME)";
				SWIFT_VERSION = 4.2;
				TARGETED_DEVICE_FAMILY = "1,2";
				TEST_HOST = "$(BUILT_PRODUCTS_DIR)/CountryPickerView.app/CountryPickerView";
			};
			name = Debug;
		};
		3158EA8B22464BFA000404DE /* Release */ = {
			isa = XCBuildConfiguration;
			buildSettings = {
				ALWAYS_EMBED_SWIFT_STANDARD_LIBRARIES = YES;
				BUNDLE_LOADER = "$(TEST_HOST)";
				CODE_SIGN_STYLE = Automatic;
				INFOPLIST_FILE = CountryPickerViewTests/Info.plist;
				LD_RUNPATH_SEARCH_PATHS = (
					"$(inherited)",
					"@executable_path/Frameworks",
					"@loader_path/Frameworks",
				);
				PRODUCT_BUNDLE_IDENTIFIER = com.nikhil.CountryPickerViewTests;
				PRODUCT_NAME = "$(TARGET_NAME)";
				SWIFT_VERSION = 4.2;
				TARGETED_DEVICE_FAMILY = "1,2";
				TEST_HOST = "$(BUILT_PRODUCTS_DIR)/CountryPickerView.app/CountryPickerView";
			};
			name = Release;
		};
/* End XCBuildConfiguration section */

/* Begin XCConfigurationList section */
		3158EA6422464BF8000404DE /* Build configuration list for PBXProject "CountryPickerView" */ = {
			isa = XCConfigurationList;
			buildConfigurations = (
				3158EA8422464BFA000404DE /* Debug */,
				3158EA8522464BFA000404DE /* Release */,
			);
			defaultConfigurationIsVisible = 0;
			defaultConfigurationName = Release;
		};
		3158EA8622464BFA000404DE /* Build configuration list for PBXNativeTarget "CountryPickerView" */ = {
			isa = XCConfigurationList;
			buildConfigurations = (
				3158EA8722464BFA000404DE /* Debug */,
				3158EA8822464BFA000404DE /* Release */,
			);
			defaultConfigurationIsVisible = 0;
			defaultConfigurationName = Release;
		};
		3158EA8922464BFA000404DE /* Build configuration list for PBXNativeTarget "CountryPickerViewTests" */ = {
			isa = XCConfigurationList;
			buildConfigurations = (
				3158EA8A22464BFA000404DE /* Debug */,
				3158EA8B22464BFA000404DE /* Release */,
			);
			defaultConfigurationIsVisible = 0;
			defaultConfigurationName = Release;
		};
/* End XCConfigurationList section */
	};
	rootObject = 3158EA6122464BF8000404DE /* Project object */;
}
